dependencies:
  espressif/esp_websocket_client:
    component_hash: 723aba370113196c66321442426cd6452c351eef31c85c83bd1446831ef9f8f4
    dependencies:
    - name: idf
      require: private
      version: '>=5.0'
    source:
      registry_url: https://components.espressif.com/
      type: service
    version: 1.6.0
  espressif/libsodium:
    component_hash: 25b968723c584a2742ca36cebe5a7ef049c6767e059f7b1e1eec69946019025d
    dependencies:
    - name: idf
      require: private
      version: '>=4.2'
    source:
      registry_url: https://components.espressif.com/
      type: service
    version: 1.0.20~2
  idf:
    source:
      type: idf
    version: 5.5.1
direct_dependencies:
- espressif/esp_websocket_client
- espressif/libsodium
manifest_hash: 9a29d41031398fe625fcaa4019f10f7e05f90fc09cc69a64cbcfa412bcef264b
target: esp32c3
version: 2.0.0
